// !$*UTF8*$!
{
	archiveVersion = 1;
	classes = {
	};
	objectVersion = 50;
	objects = {

/* Begin PBXBuildFile section */
		A1AD313E23A66E6000563884 /* AppDelegate.swift in Sources */ = {isa = PBXBuildFile; fileRef = A1AD313D23A66E6000563884 /* AppDelegate.swift */; };
		A1AD314023A66E6000563884 /* SceneDelegate.swift in Sources */ = {isa = PBXBuildFile; fileRef = A1AD313F23A66E6000563884 /* SceneDelegate.swift */; };
		A1AD314223A66E6000563884 /* MainViewController.swift in Sources */ = {isa = PBXBuildFile; fileRef = A1AD314123A66E6000563884 /* MainViewController.swift */; };
		A1AD314523A66E6000563884 /* Main.storyboard in Resources */ = {isa = PBXBuildFile; fileRef = A1AD314323A66E6000563884 /* Main.storyboard */; };
		A1AD314723A66E6200563884 /* Assets.xcassets in Resources */ = {isa = PBXBuildFile; fileRef = A1AD314623A66E6200563884 /* Assets.xcassets */; };
		A1AD314A23A66E6200563884 /* LaunchScreen.storyboard in Resources */ = {isa = PBXBuildFile; fileRef = A1AD314823A66E6200563884 /* LaunchScreen.storyboard */; };
		A1AD315C23A6872400563884 /* MainInteractor.swift in Sources */ = {isa = PBXBuildFile; fileRef = A1AD315B23A6872400563884 /* MainInteractor.swift */; };
		A1AD315E23A6874C00563884 /* MainPresenter.swift in Sources */ = {isa = PBXBuildFile; fileRef = A1AD315D23A6874C00563884 /* MainPresenter.swift */; };
		A1AD316023A6876100563884 /* MainRouter.swift in Sources */ = {isa = PBXBuildFile; fileRef = A1AD315F23A6876100563884 /* MainRouter.swift */; };
		A1AD316223A6879B00563884 /* MainConfigurator.swift in Sources */ = {isa = PBXBuildFile; fileRef = A1AD316123A6879B00563884 /* MainConfigurator.swift */; };
		A1AD316423A687B200563884 /* MainContracts.swift in Sources */ = {isa = PBXBuildFile; fileRef = A1AD316323A687B200563884 /* MainContracts.swift */; };
		A1AD316623A687F200563884 /* DetailConfigurator.swift in Sources */ = {isa = PBXBuildFile; fileRef = A1AD316523A687F200563884 /* DetailConfigurator.swift */; };
		A1AD316823A6881000563884 /* DetailContracts.swift in Sources */ = {isa = PBXBuildFile; fileRef = A1AD316723A6881000563884 /* DetailContracts.swift */; };
		A1AD316A23A6882600563884 /* DetailInteractor.swift in Sources */ = {isa = PBXBuildFile; fileRef = A1AD316923A6882600563884 /* DetailInteractor.swift */; };
		A1AD316C23A6883500563884 /* DetailPresenter.swift in Sources */ = {isa = PBXBuildFile; fileRef = A1AD316B23A6883500563884 /* DetailPresenter.swift */; };
		A1AD316E23A6884300563884 /* DetailRouter.swift in Sources */ = {isa = PBXBuildFile; fileRef = A1AD316D23A6884300563884 /* DetailRouter.swift */; };
		A1AD317023A6885500563884 /* DetailViewController.swift in Sources */ = {isa = PBXBuildFile; fileRef = A1AD316F23A6885500563884 /* DetailViewController.swift */; };
		A1AD317323A68C9000563884 /* MainTableViewCell.swift in Sources */ = {isa = PBXBuildFile; fileRef = A1AD317223A68C9000563884 /* MainTableViewCell.swift */; };
/* End PBXBuildFile section */

/* Begin PBXFileReference section */
		A1AD313A23A66E6000563884 /* viper.app */ = {isa = PBXFileReference; explicitFileType = wrapper.application; includeInIndex = 0; path = viper.app; sourceTree = BUILT_PRODUCTS_DIR; };
		A1AD313D23A66E6000563884 /* AppDelegate.swift */ = {isa = PBXFileReference; lastKnownFileType = sourcecode.swift; path = AppDelegate.swift; sourceTree = "<group>"; };
		A1AD313F23A66E6000563884 /* SceneDelegate.swift */ = {isa = PBXFileReference; lastKnownFileType = sourcecode.swift; path = SceneDelegate.swift; sourceTree = "<group>"; };
		A1AD314123A66E6000563884 /* MainViewController.swift */ = {isa = PBXFileReference; lastKnownFileType = sourcecode.swift; path = MainViewController.swift; sourceTree = "<group>"; };
		A1AD314423A66E6000563884 /* Base */ = {isa = PBXFileReference; lastKnownFileType = file.storyboard; name = Base; path = Base.lproj/Main.storyboard; sourceTree = "<group>"; };
		A1AD314623A66E6200563884 /* Assets.xcassets */ = {isa = PBXFileReference; lastKnownFileType = folder.assetcatalog; path = Assets.xcassets; sourceTree = "<group>"; };
		A1AD314923A66E6200563884 /* Base */ = {isa = PBXFileReference; lastKnownFileType = file.storyboard; name = Base; path = Base.lproj/LaunchScreen.storyboard; sourceTree = "<group>"; };
		A1AD314B23A66E6200563884 /* Info.plist */ = {isa = PBXFileReference; lastKnownFileType = text.plist.xml; path = Info.plist; sourceTree = "<group>"; };
		A1AD315B23A6872400563884 /* MainInteractor.swift */ = {isa = PBXFileReference; lastKnownFileType = sourcecode.swift; path = MainInteractor.swift; sourceTree = "<group>"; };
		A1AD315D23A6874C00563884 /* MainPresenter.swift */ = {isa = PBXFileReference; lastKnownFileType = sourcecode.swift; path = MainPresenter.swift; sourceTree = "<group>"; };
		A1AD315F23A6876100563884 /* MainRouter.swift */ = {isa = PBXFileReference; lastKnownFileType = sourcecode.swift; path = MainRouter.swift; sourceTree = "<group>"; };
		A1AD316123A6879B00563884 /* MainConfigurator.swift */ = {isa = PBXFileReference; lastKnownFileType = sourcecode.swift; path = MainConfigurator.swift; sourceTree = "<group>"; };
		A1AD316323A687B200563884 /* MainContracts.swift */ = {isa = PBXFileReference; lastKnownFileType = sourcecode.swift; path = MainContracts.swift; sourceTree = "<group>"; };
		A1AD316523A687F200563884 /* DetailConfigurator.swift */ = {isa = PBXFileReference; lastKnownFileType = sourcecode.swift; path = DetailConfigurator.swift; sourceTree = "<group>"; };
		A1AD316723A6881000563884 /* DetailContracts.swift */ = {isa = PBXFileReference; lastKnownFileType = sourcecode.swift; path = DetailContracts.swift; sourceTree = "<group>"; };
		A1AD316923A6882600563884 /* DetailInteractor.swift */ = {isa = PBXFileReference; lastKnownFileType = sourcecode.swift; path = DetailInteractor.swift; sourceTree = "<group>"; };
		A1AD316B23A6883500563884 /* DetailPresenter.swift */ = {isa = PBXFileReference; lastKnownFileType = sourcecode.swift; path = DetailPresenter.swift; sourceTree = "<group>"; };
		A1AD316D23A6884300563884 /* DetailRouter.swift */ = {isa = PBXFileReference; lastKnownFileType = sourcecode.swift; path = DetailRouter.swift; sourceTree = "<group>"; };
		A1AD316F23A6885500563884 /* DetailViewController.swift */ = {isa = PBXFileReference; lastKnownFileType = sourcecode.swift; path = DetailViewController.swift; sourceTree = "<group>"; };
		A1AD317223A68C9000563884 /* MainTableViewCell.swift */ = {isa = PBXFileReference; lastKnownFileType = sourcecode.swift; path = MainTableViewCell.swift; sourceTree = "<group>"; };
/* End PBXFileReference section */

/* Begin PBXFrameworksBuildPhase section */
		A1AD313723A66E6000563884 /* Frameworks */ = {
			isa = PBXFrameworksBuildPhase;
			buildActionMask = 2147483647;
			files = (
			);
			runOnlyForDeploymentPostprocessing = 0;
		};
/* End PBXFrameworksBuildPhase section */

/* Begin PBXGroup section */
		A1AD313123A66E6000563884 = {
			isa = PBXGroup;
			children = (
				A1AD313C23A66E6000563884 /* viper */,
				A1AD313B23A66E6000563884 /* Products */,
			);
			sourceTree = "<group>";
		};
		A1AD313B23A66E6000563884 /* Products */ = {
			isa = PBXGroup;
			children = (
				A1AD313A23A66E6000563884 /* viper.app */,
			);
			name = Products;
			sourceTree = "<group>";
		};
		A1AD313C23A66E6000563884 /* viper */ = {
			isa = PBXGroup;
			children = (
				A1AD314623A66E6200563884 /* Assets.xcassets */,
				A1AD315923A6859500563884 /* Supporting Objects */,
				A1AD314B23A66E6200563884 /* Info.plist */,
				A1AD315123A6851000563884 /* Models */,
				A1AD315823A6857600563884 /* Networking */,
				A1AD315523A6854600563884 /* Screens */,
				A1AD315A23A685AD00563884 /* Storyboards */,
			);
			path = viper;
			sourceTree = "<group>";
		};
		A1AD315123A6851000563884 /* Models */ = {
			isa = PBXGroup;
			children = (
				A1AD315323A6853200563884 /* View Models */,
				A1AD315223A6852300563884 /* Data Models */,
			);
			path = Models;
			sourceTree = "<group>";
		};
		A1AD315223A6852300563884 /* Data Models */ = {
			isa = PBXGroup;
			children = (
			);
			path = "Data Models";
			sourceTree = "<group>";
		};
		A1AD315323A6853200563884 /* View Models */ = {
			isa = PBXGroup;
			children = (
			);
			path = "View Models";
			sourceTree = "<group>";
		};
		A1AD315523A6854600563884 /* Screens */ = {
			isa = PBXGroup;
			children = (
				A1AD315723A6856400563884 /* Detail */,
				A1AD315623A6855700563884 /* Main */,
			);
			path = Screens;
			sourceTree = "<group>";
		};
		A1AD315623A6855700563884 /* Main */ = {
			isa = PBXGroup;
			children = (
				A1AD317123A68AFE00563884 /* Cells */,
				A1AD316123A6879B00563884 /* MainConfigurator.swift */,
				A1AD316323A687B200563884 /* MainContracts.swift */,
				A1AD315B23A6872400563884 /* MainInteractor.swift */,
				A1AD315D23A6874C00563884 /* MainPresenter.swift */,
				A1AD315F23A6876100563884 /* MainRouter.swift */,
				A1AD314123A66E6000563884 /* MainViewController.swift */,
			);
			path = Main;
			sourceTree = "<group>";
		};
		A1AD315723A6856400563884 /* Detail */ = {
			isa = PBXGroup;
			children = (
				A1AD316523A687F200563884 /* DetailConfigurator.swift */,
				A1AD316723A6881000563884 /* DetailContracts.swift */,
				A1AD316923A6882600563884 /* DetailInteractor.swift */,
				A1AD316B23A6883500563884 /* DetailPresenter.swift */,
				A1AD316D23A6884300563884 /* DetailRouter.swift */,
				A1AD316F23A6885500563884 /* DetailViewController.swift */,
			);
			path = Detail;
			sourceTree = "<group>";
		};
		A1AD315823A6857600563884 /* Networking */ = {
			isa = PBXGroup;
			children = (
			);
			path = Networking;
			sourceTree = "<group>";
		};
		A1AD315923A6859500563884 /* Supporting Objects */ = {
			isa = PBXGroup;
			children = (
				A1AD317423A68CC900563884 /* Networking */,
				A1AD313D23A66E6000563884 /* AppDelegate.swift */,
				A1AD313F23A66E6000563884 /* SceneDelegate.swift */,
			);
			path = "Supporting Objects";
			sourceTree = "<group>";
		};
		A1AD315A23A685AD00563884 /* Storyboards */ = {
			isa = PBXGroup;
			children = (
				A1AD314823A66E6200563884 /* LaunchScreen.storyboard */,
				A1AD314323A66E6000563884 /* Main.storyboard */,
			);
			path = Storyboards;
			sourceTree = "<group>";
		};
		A1AD317123A68AFE00563884 /* Cells */ = {
			isa = PBXGroup;
			children = (
				A1AD317223A68C9000563884 /* MainTableViewCell.swift */,
			);
			path = Cells;
			sourceTree = "<group>";
		};
		A1AD317423A68CC900563884 /* Networking */ = {
			isa = PBXGroup;
			children = (
			);
			path = Networking;
			sourceTree = "<group>";
		};
/* End PBXGroup section */

/* Begin PBXNativeTarget section */
		A1AD313923A66E6000563884 /* viper */ = {
			isa = PBXNativeTarget;
			buildConfigurationList = A1AD314E23A66E6200563884 /* Build configuration list for PBXNativeTarget "viper" */;
			buildPhases = (
				A1AD313623A66E6000563884 /* Sources */,
				A1AD313723A66E6000563884 /* Frameworks */,
				A1AD313823A66E6000563884 /* Resources */,
			);
			buildRules = (
			);
			dependencies = (
			);
			name = viper;
			productName = viper;
			productReference = A1AD313A23A66E6000563884 /* viper.app */;
			productType = "com.apple.product-type.application";
		};
/* End PBXNativeTarget section */

/* Begin PBXProject section */
		A1AD313223A66E6000563884 /* Project object */ = {
			isa = PBXProject;
			attributes = {
				LastSwiftUpdateCheck = 1120;
				LastUpgradeCheck = 1120;
				ORGANIZATIONNAME = "Boris Sortino";
				TargetAttributes = {
					A1AD313923A66E6000563884 = {
						CreatedOnToolsVersion = 11.2.1;
					};
				};
			};
			buildConfigurationList = A1AD313523A66E6000563884 /* Build configuration list for PBXProject "viper" */;
			compatibilityVersion = "Xcode 9.3";
			developmentRegion = en;
			hasScannedForEncodings = 0;
			knownRegions = (
				en,
				Base,
			);
			mainGroup = A1AD313123A66E6000563884;
			productRefGroup = A1AD313B23A66E6000563884 /* Products */;
			projectDirPath = "";
			projectRoot = "";
			targets = (
				A1AD313923A66E6000563884 /* viper */,
			);
		};
/* End PBXProject section */

/* Begin PBXResourcesBuildPhase section */
		A1AD313823A66E6000563884 /* Resources */ = {
			isa = PBXResourcesBuildPhase;
			buildActionMask = 2147483647;
			files = (
				A1AD314A23A66E6200563884 /* LaunchScreen.storyboard in Resources */,
				A1AD314723A66E6200563884 /* Assets.xcassets in Resources */,
				A1AD314523A66E6000563884 /* Main.storyboard in Resources */,
			);
			runOnlyForDeploymentPostprocessing = 0;
		};
/* End PBXResourcesBuildPhase section */

/* Begin PBXSourcesBuildPhase section */
		A1AD313623A66E6000563884 /* Sources */ = {
			isa = PBXSourcesBuildPhase;
			buildActionMask = 2147483647;
			files = (
				A1AD315E23A6874C00563884 /* MainPresenter.swift in Sources */,
				A1AD316A23A6882600563884 /* DetailInteractor.swift in Sources */,
				A1AD316623A687F200563884 /* DetailConfigurator.swift in Sources */,
				A1AD316E23A6884300563884 /* DetailRouter.swift in Sources */,
				A1AD317323A68C9000563884 /* MainTableViewCell.swift in Sources */,
				A1AD314223A66E6000563884 /* MainViewController.swift in Sources */,
				A1AD313E23A66E6000563884 /* AppDelegate.swift in Sources */,
				A1AD314023A66E6000563884 /* SceneDelegate.swift in Sources */,
				A1AD316423A687B200563884 /* MainContracts.swift in Sources */,
				A1AD316223A6879B00563884 /* MainConfigurator.swift in Sources */,
				A1AD315C23A6872400563884 /* MainInteractor.swift in Sources */,
				A1AD316823A6881000563884 /* DetailContracts.swift in Sources */,
				A1AD316023A6876100563884 /* MainRouter.swift in Sources */,
				A1AD316C23A6883500563884 /* DetailPresenter.swift in Sources */,
				A1AD317023A6885500563884 /* DetailViewController.swift in Sources */,
			);
			runOnlyForDeploymentPostprocessing = 0;
		};
/* End PBXSourcesBuildPhase section */

/* Begin PBXVariantGroup section */
		A1AD314323A66E6000563884 /* Main.storyboard */ = {
			isa = PBXVariantGroup;
			children = (
				A1AD314423A66E6000563884 /* Base */,
			);
			name = Main.storyboard;
			sourceTree = "<group>";
		};
		A1AD314823A66E6200563884 /* LaunchScreen.storyboard */ = {
			isa = PBXVariantGroup;
			children = (
				A1AD314923A66E6200563884 /* Base */,
			);
			name = LaunchScreen.storyboard;
			sourceTree = "<group>";
		};
/* End PBXVariantGroup section */

/* Begin XCBuildConfiguration section */
		A1AD314C23A66E6200563884 /* Debug */ = {
			isa = XCBuildConfiguration;
			buildSettings = {
				ALWAYS_SEARCH_USER_PATHS = NO;
				CLANG_ANALYZER_NONNULL = YES;
				CLANG_ANALYZER_NUMBER_OBJECT_CONVERSION = YES_AGGRESSIVE;
				CLANG_CXX_LANGUAGE_STANDARD = "gnu++14";
				CLANG_CXX_LIBRARY = "libc++";
				CLANG_ENABLE_MODULES = YES;
				CLANG_ENABLE_OBJC_ARC = YES;
				CLANG_ENABLE_OBJC_WEAK = YES;
				CLANG_WARN_BLOCK_CAPTURE_AUTORELEASING = YES;
				CLANG_WARN_BOOL_CONVERSION = YES;
				CLANG_WARN_COMMA = YES;
				CLANG_WARN_CONSTANT_CONVERSION = YES;
				CLANG_WARN_DEPRECATED_OBJC_IMPLEMENTATIONS = YES;
				CLANG_WARN_DIRECT_OBJC_ISA_USAGE = YES_ERROR;
				CLANG_WARN_DOCUMENTATION_COMMENTS = YES;
				CLANG_WARN_EMPTY_BODY = YES;
				CLANG_WARN_ENUM_CONVERSION = YES;
				CLANG_WARN_INFINITE_RECURSION = YES;
				CLANG_WARN_INT_CONVERSION = YES;
				CLANG_WARN_NON_LITERAL_NULL_CONVERSION = YES;
				CLANG_WARN_OBJC_IMPLICIT_RETAIN_SELF = YES;
				CLANG_WARN_OBJC_LITERAL_CONVERSION = YES;
				CLANG_WARN_OBJC_ROOT_CLASS = YES_ERROR;
				CLANG_WARN_RANGE_LOOP_ANALYSIS = YES;
				CLANG_WARN_STRICT_PROTOTYPES = YES;
				CLANG_WARN_SUSPICIOUS_MOVE = YES;
				CLANG_WARN_UNGUARDED_AVAILABILITY = YES_AGGRESSIVE;
				CLANG_WARN_UNREACHABLE_CODE = YES;
				CLANG_WARN__DUPLICATE_METHOD_MATCH = YES;
				COPY_PHASE_STRIP = NO;
				DEBUG_INFORMATION_FORMAT = dwarf;
				ENABLE_STRICT_OBJC_MSGSEND = YES;
				ENABLE_TESTABILITY = YES;
				GCC_C_LANGUAGE_STANDARD = gnu11;
				GCC_DYNAMIC_NO_PIC = NO;
				GCC_NO_COMMON_BLOCKS = YES;
				GCC_OPTIMIZATION_LEVEL = 0;
				GCC_PREPROCESSOR_DEFINITIONS = (
					"DEBUG=1",
					"$(inherited)",
				);
				GCC_WARN_64_TO_32_BIT_CONVERSION = YES;
				GCC_WARN_ABOUT_RETURN_TYPE = YES_ERROR;
				GCC_WARN_UNDECLARED_SELECTOR = YES;
				GCC_WARN_UNINITIALIZED_AUTOS = YES_AGGRESSIVE;
				GCC_WARN_UNUSED_FUNCTION = YES;
				GCC_WARN_UNUSED_VARIABLE = YES;
				IPHONEOS_DEPLOYMENT_TARGET = 13.2;
				MTL_ENABLE_DEBUG_INFO = INCLUDE_SOURCE;
				MTL_FAST_MATH = YES;
				ONLY_ACTIVE_ARCH = YES;
				SDKROOT = iphoneos;
				SWIFT_ACTIVE_COMPILATION_CONDITIONS = DEBUG;
				SWIFT_OPTIMIZATION_LEVEL = "-Onone";
			};
			name = Debug;
		};
		A1AD314D23A66E6200563884 /* Release */ = {
			isa = XCBuildConfiguration;
			buildSettings = {
				ALWAYS_SEARCH_USER_PATHS = NO;
				CLANG_ANALYZER_NONNULL = YES;
				CLANG_ANALYZER_NUMBER_OBJECT_CONVERSION = YES_AGGRESSIVE;
				CLANG_CXX_LANGUAGE_STANDARD = "gnu++14";
				CLANG_CXX_LIBRARY = "libc++";
				CLANG_ENABLE_MODULES = YES;
				CLANG_ENABLE_OBJC_ARC = YES;
				CLANG_ENABLE_OBJC_WEAK = YES;
				CLANG_WARN_BLOCK_CAPTURE_AUTORELEASING = YES;
				CLANG_WARN_BOOL_CONVERSION = YES;
				CLANG_WARN_COMMA = YES;
				CLANG_WARN_CONSTANT_CONVERSION = YES;
				CLANG_WARN_DEPRECATED_OBJC_IMPLEMENTATIONS = YES;
				CLANG_WARN_DIRECT_OBJC_ISA_USAGE = YES_ERROR;
				CLANG_WARN_DOCUMENTATION_COMMENTS = YES;
				CLANG_WARN_EMPTY_BODY = YES;
				CLANG_WARN_ENUM_CONVERSION = YES;
				CLANG_WARN_INFINITE_RECURSION = YES;
				CLANG_WARN_INT_CONVERSION = YES;
				CLANG_WARN_NON_LITERAL_NULL_CONVERSION = YES;
				CLANG_WARN_OBJC_IMPLICIT_RETAIN_SELF = YES;
				CLANG_WARN_OBJC_LITERAL_CONVERSION = YES;
				CLANG_WARN_OBJC_ROOT_CLASS = YES_ERROR;
				CLANG_WARN_RANGE_LOOP_ANALYSIS = YES;
				CLANG_WARN_STRICT_PROTOTYPES = YES;
				CLANG_WARN_SUSPICIOUS_MOVE = YES;
				CLANG_WARN_UNGUARDED_AVAILABILITY = YES_AGGRESSIVE;
				CLANG_WARN_UNREACHABLE_CODE = YES;
				CLANG_WARN__DUPLICATE_METHOD_MATCH = YES;
				COPY_PHASE_STRIP = NO;
				DEBUG_INFORMATION_FORMAT = "dwarf-with-dsym";
				ENABLE_NS_ASSERTIONS = NO;
				ENABLE_STRICT_OBJC_MSGSEND = YES;
				GCC_C_LANGUAGE_STANDARD = gnu11;
				GCC_NO_COMMON_BLOCKS = YES;
				GCC_WARN_64_TO_32_BIT_CONVERSION = YES;
				GCC_WARN_ABOUT_RETURN_TYPE = YES_ERROR;
				GCC_WARN_UNDECLARED_SELECTOR = YES;
				GCC_WARN_UNINITIALIZED_AUTOS = YES_AGGRESSIVE;
				GCC_WARN_UNUSED_FUNCTION = YES;
				GCC_WARN_UNUSED_VARIABLE = YES;
				IPHONEOS_DEPLOYMENT_TARGET = 13.2;
				MTL_ENABLE_DEBUG_INFO = NO;
				MTL_FAST_MATH = YES;
				SDKROOT = iphoneos;
				SWIFT_COMPILATION_MODE = wholemodule;
				SWIFT_OPTIMIZATION_LEVEL = "-O";
				VALIDATE_PRODUCT = YES;
			};
			name = Release;
		};
		A1AD314F23A66E6200563884 /* Debug */ = {
			isa = XCBuildConfiguration;
			buildSettings = {
				ASSETCATALOG_COMPILER_APPICON_NAME = AppIcon;
				CODE_SIGN_STYLE = Automatic;
				INFOPLIST_FILE = viper/Info.plist;
				IPHONEOS_DEPLOYMENT_TARGET = 12.0;
				LD_RUNPATH_SEARCH_PATHS = (
					"$(inherited)",
					"@executable_path/Frameworks",
				);
				PRODUCT_BUNDLE_IDENTIFIER = com.vigotskij.viper;
				PRODUCT_NAME = "$(TARGET_NAME)";
				SWIFT_VERSION = 4.0;
				TARGETED_DEVICE_FAMILY = 1;
			};
			name = Debug;
		};
		A1AD315023A66E6200563884 /* Release */ = {
			isa = XCBuildConfiguration;
			buildSettings = {
				ASSETCATALOG_COMPILER_APPICON_NAME = AppIcon;
				CODE_SIGN_STYLE = Automatic;
				INFOPLIST_FILE = viper/Info.plist;
				IPHONEOS_DEPLOYMENT_TARGET = 12.0;
				LD_RUNPATH_SEARCH_PATHS = (
					"$(inherited)",
					"@executable_path/Frameworks",
				);
				PRODUCT_BUNDLE_IDENTIFIER = com.vigotskij.viper;
				PRODUCT_NAME = "$(TARGET_NAME)";
				SWIFT_VERSION = 4.0;
				TARGETED_DEVICE_FAMILY = 1;
			};
			name = Release;
		};
/* End XCBuildConfiguration section */

/* Begin XCConfigurationList section */
		A1AD313523A66E6000563884 /* Build configuration list for PBXProject "viper" */ = {
			isa = XCConfigurationList;
			buildConfigurations = (
				A1AD314C23A66E6200563884 /* Debug */,
				A1AD314D23A66E6200563884 /* Release */,
			);
			defaultConfigurationIsVisible = 0;
			defaultConfigurationName = Release;
		};
		A1AD314E23A66E6200563884 /* Build configuration list for PBXNativeTarget "viper" */ = {
			isa = XCConfigurationList;
			buildConfigurations = (
				A1AD314F23A66E6200563884 /* Debug */,
				A1AD315023A66E6200563884 /* Release */,
			);
			defaultConfigurationIsVisible = 0;
			defaultConfigurationName = Release;
		};
/* End XCConfigurationList section */
	};
	rootObject = A1AD313223A66E6000563884 /* Project object */;
}
